
Microsoft Visual Studio Solution File, Format Version 12.00
# Visual Studio 2012
Project("{FAE04EC0-301F-11D3-BF4B-00C04F79EFBC}") = "ascendancy.client.iOS", "ascendancy.client\ascendancy.client.iOS\ascendancy.client.iOS.csproj", "{03BC4A8D-DB39-4049-8B61-D705DD5E52BB}"
EndProject
Project("{FAE04EC0-301F-11D3-BF4B-00C04F79EFBC}") = "ascendancy.client.Android", "ascendancy.client\ascendancy.client.Android\ascendancy.client.Android.csproj", "{C671A855-9CC6-4A73-A5EB-7FC5942C254C}"
EndProject
Project("{FAE04EC0-301F-11D3-BF4B-00C04F79EFBC}") = "ascendancy.client.Common", "ascendancy.client\ascendancy.client.Common\ascendancy.client.Common.csproj", "{0D68FC9A-5C5A-475B-BF28-C3F8706B147D}"
EndProject
Project("{FAE04EC0-301F-11D3-BF4B-00C04F79EFBC}") = "ascendancy.base", "..\ascendancy.base\ascendancy.base.csproj", "{10AF5A4F-CB3E-4648-AAF5-5712AFA78292}"
EndProject
Global
	GlobalSection(SolutionConfigurationPlatforms) = preSolution
		Debug|iPhoneSimulator = Debug|iPhoneSimulator
		Release|iPhoneSimulator = Release|iPhoneSimulator
		Debug|iPhone = Debug|iPhone
		Release|iPhone = Release|iPhone
		Ad-Hoc|iPhone = Ad-Hoc|iPhone
		AppStore|iPhone = AppStore|iPhone
		Debug|Any CPU = Debug|Any CPU
		Release|Any CPU = Release|Any CPU
	EndGlobalSection
	GlobalSection(ProjectConfigurationPlatforms) = postSolution
		{03BC4A8D-DB39-4049-8B61-D705DD5E52BB}.Ad-Hoc|iPhone.ActiveCfg = Ad-Hoc|iPhone
		{03BC4A8D-DB39-4049-8B61-D705DD5E52BB}.Ad-Hoc|iPhone.Build.0 = Ad-Hoc|iPhone
		{03BC4A8D-DB39-4049-8B61-D705DD5E52BB}.AppStore|iPhone.ActiveCfg = AppStore|iPhone
		{03BC4A8D-DB39-4049-8B61-D705DD5E52BB}.AppStore|iPhone.Build.0 = AppStore|iPhone
		{03BC4A8D-DB39-4049-8B61-D705DD5E52BB}.Debug|Any CPU.ActiveCfg = Debug|iPhoneSimulator
		{03BC4A8D-DB39-4049-8B61-D705DD5E52BB}.Debug|Any CPU.Build.0 = Debug|iPhoneSimulator
		{03BC4A8D-DB39-4049-8B61-D705DD5E52BB}.Debug|iPhone.ActiveCfg = Debug|iPhone
		{03BC4A8D-DB39-4049-8B61-D705DD5E52BB}.Debug|iPhone.Build.0 = Debug|iPhone
		{03BC4A8D-DB39-4049-8B61-D705DD5E52BB}.Debug|iPhoneSimulator.ActiveCfg = Debug|iPhoneSimulator
		{03BC4A8D-DB39-4049-8B61-D705DD5E52BB}.Debug|iPhoneSimulator.Build.0 = Debug|iPhoneSimulator
		{03BC4A8D-DB39-4049-8B61-D705DD5E52BB}.Release|Any CPU.ActiveCfg = Release|iPhoneSimulator
		{03BC4A8D-DB39-4049-8B61-D705DD5E52BB}.Release|Any CPU.Build.0 = Release|iPhoneSimulator
		{03BC4A8D-DB39-4049-8B61-D705DD5E52BB}.Release|iPhone.ActiveCfg = Release|iPhone
		{03BC4A8D-DB39-4049-8B61-D705DD5E52BB}.Release|iPhone.Build.0 = Release|iPhone
		{03BC4A8D-DB39-4049-8B61-D705DD5E52BB}.Release|iPhoneSimulator.ActiveCfg = Release|iPhoneSimulator
		{03BC4A8D-DB39-4049-8B61-D705DD5E52BB}.Release|iPhoneSimulator.Build.0 = Release|iPhoneSimulator
		{0D68FC9A-5C5A-475B-BF28-C3F8706B147D}.Ad-Hoc|iPhone.ActiveCfg = Release|Any CPU
		{0D68FC9A-5C5A-475B-BF28-C3F8706B147D}.Ad-Hoc|iPhone.Build.0 = Release|Any CPU
		{0D68FC9A-5C5A-475B-BF28-C3F8706B147D}.AppStore|iPhone.ActiveCfg = Release|Any CPU
		{0D68FC9A-5C5A-475B-BF28-C3F8706B147D}.AppStore|iPhone.Build.0 = Release|Any CPU
		{0D68FC9A-5C5A-475B-BF28-C3F8706B147D}.Debug|Any CPU.ActiveCfg = Debug|Any CPU
		{0D68FC9A-5C5A-475B-BF28-C3F8706B147D}.Debug|Any CPU.Build.0 = Debug|Any CPU
		{0D68FC9A-5C5A-475B-BF28-C3F8706B147D}.Debug|iPhone.ActiveCfg = Debug|Any CPU
		{0D68FC9A-5C5A-475B-BF28-C3F8706B147D}.Debug|iPhone.Build.0 = Debug|Any CPU
		{0D68FC9A-5C5A-475B-BF28-C3F8706B147D}.Debug|iPhoneSimulator.ActiveCfg = Debug|Any CPU
		{0D68FC9A-5C5A-475B-BF28-C3F8706B147D}.Debug|iPhoneSimulator.Build.0 = Debug|Any CPU
		{0D68FC9A-5C5A-475B-BF28-C3F8706B147D}.Release|Any CPU.ActiveCfg = Release|Any CPU
		{0D68FC9A-5C5A-475B-BF28-C3F8706B147D}.Release|Any CPU.Build.0 = Release|Any CPU
		{0D68FC9A-5C5A-475B-BF28-C3F8706B147D}.Release|iPhone.ActiveCfg = Release|Any CPU
		{0D68FC9A-5C5A-475B-BF28-C3F8706B147D}.Release|iPhone.Build.0 = Release|Any CPU
		{0D68FC9A-5C5A-475B-BF28-C3F8706B147D}.Release|iPhoneSimulator.ActiveCfg = Release|Any CPU
		{0D68FC9A-5C5A-475B-BF28-C3F8706B147D}.Release|iPhoneSimulator.Build.0 = Release|Any CPU
		{10AF5A4F-CB3E-4648-AAF5-5712AFA78292}.Ad-Hoc|iPhone.ActiveCfg = Release|Any CPU
		{10AF5A4F-CB3E-4648-AAF5-5712AFA78292}.Ad-Hoc|iPhone.Build.0 = Release|Any CPU
		{10AF5A4F-CB3E-4648-AAF5-5712AFA78292}.AppStore|iPhone.ActiveCfg = Release|Any CPU
		{10AF5A4F-CB3E-4648-AAF5-5712AFA78292}.AppStore|iPhone.Build.0 = Release|Any CPU
		{10AF5A4F-CB3E-4648-AAF5-5712AFA78292}.Debug|Any CPU.ActiveCfg = Debug|Any CPU
		{10AF5A4F-CB3E-4648-AAF5-5712AFA78292}.Debug|Any CPU.Build.0 = Debug|Any CPU
		{10AF5A4F-CB3E-4648-AAF5-5712AFA78292}.Debug|iPhone.ActiveCfg = Debug|Any CPU
		{10AF5A4F-CB3E-4648-AAF5-5712AFA78292}.Debug|iPhone.Build.0 = Debug|Any CPU
		{10AF5A4F-CB3E-4648-AAF5-5712AFA78292}.Debug|iPhoneSimulator.ActiveCfg = Debug|Any CPU
		{10AF5A4F-CB3E-4648-AAF5-5712AFA78292}.Debug|iPhoneSimulator.Build.0 = Debug|Any CPU
		{10AF5A4F-CB3E-4648-AAF5-5712AFA78292}.Release|Any CPU.ActiveCfg = Release|Any CPU
		{10AF5A4F-CB3E-4648-AAF5-5712AFA78292}.Release|Any CPU.Build.0 = Release|Any CPU
		{10AF5A4F-CB3E-4648-AAF5-5712AFA78292}.Release|iPhone.ActiveCfg = Release|Any CPU
		{10AF5A4F-CB3E-4648-AAF5-5712AFA78292}.Release|iPhone.Build.0 = Release|Any CPU
		{10AF5A4F-CB3E-4648-AAF5-5712AFA78292}.Release|iPhoneSimulator.ActiveCfg = Release|Any CPU
		{10AF5A4F-CB3E-4648-AAF5-5712AFA78292}.Release|iPhoneSimulator.Build.0 = Release|Any CPU
		{C671A855-9CC6-4A73-A5EB-7FC5942C254C}.Ad-Hoc|iPhone.ActiveCfg = Release|Any CPU
		{C671A855-9CC6-4A73-A5EB-7FC5942C254C}.Ad-Hoc|iPhone.Build.0 = Release|Any CPU
		{C671A855-9CC6-4A73-A5EB-7FC5942C254C}.AppStore|iPhone.ActiveCfg = Release|Any CPU
		{C671A855-9CC6-4A73-A5EB-7FC5942C254C}.AppStore|iPhone.Build.0 = Release|Any CPU
		{C671A855-9CC6-4A73-A5EB-7FC5942C254C}.Debug|Any CPU.ActiveCfg = Debug|Any CPU
		{C671A855-9CC6-4A73-A5EB-7FC5942C254C}.Debug|Any CPU.Build.0 = Debug|Any CPU
		{C671A855-9CC6-4A73-A5EB-7FC5942C254C}.Debug|iPhone.ActiveCfg = Debug|Any CPU
		{C671A855-9CC6-4A73-A5EB-7FC5942C254C}.Debug|iPhone.Build.0 = Debug|Any CPU
		{C671A855-9CC6-4A73-A5EB-7FC5942C254C}.Debug|iPhoneSimulator.ActiveCfg = Debug|Any CPU
		{C671A855-9CC6-4A73-A5EB-7FC5942C254C}.Debug|iPhoneSimulator.Build.0 = Debug|Any CPU
		{C671A855-9CC6-4A73-A5EB-7FC5942C254C}.Release|Any CPU.ActiveCfg = Release|Any CPU
		{C671A855-9CC6-4A73-A5EB-7FC5942C254C}.Release|Any CPU.Build.0 = Release|Any CPU
		{C671A855-9CC6-4A73-A5EB-7FC5942C254C}.Release|iPhone.ActiveCfg = Release|Any CPU
		{C671A855-9CC6-4A73-A5EB-7FC5942C254C}.Release|iPhone.Build.0 = Release|Any CPU
		{C671A855-9CC6-4A73-A5EB-7FC5942C254C}.Release|iPhoneSimulator.ActiveCfg = Release|Any CPU
		{C671A855-9CC6-4A73-A5EB-7FC5942C254C}.Release|iPhoneSimulator.Build.0 = Release|Any CPU
	EndGlobalSection
EndGlobal
