
Microsoft Visual Studio Solution File, Format Version 12.00
# Visual Studio 2012
Project("{FAE04EC0-301F-11D3-BF4B-00C04F79EFBC}") = "core", "base\core.csproj", "{163A206B-36D1-46D5-AA19-B515F7350C6E}"
EndProject
Project("{FAE04EC0-301F-11D3-BF4B-00C04F79EFBC}") = "client.Common", "client\client\client.Common\client.Common.csproj", "{92AF0C3C-1F4F-4070-B925-F587F0C8063F}"
EndProject
Project("{FAE04EC0-301F-11D3-BF4B-00C04F79EFBC}") = "client.Droid", "client\client\client.Android\client.Droid.csproj", "{8E2EAACD-7971-4F63-8254-01DF89447F99}"
EndProject
Project("{FAE04EC0-301F-11D3-BF4B-00C04F79EFBC}") = "client.iOS", "client\client\client.iOS\client.iOS.csproj", "{25870EA1-5A09-4AE6-A17A-7CBDF81B1F82}"
EndProject
Project("{FAE04EC0-301F-11D3-BF4B-00C04F79EFBC}") = "test", "test\test.csproj", "{BF15860D-E0A3-46E0-835E-1C7463E2483B}"
EndProject
Project("{FAE04EC0-301F-11D3-BF4B-00C04F79EFBC}") = "tcpserver", "tcpserver\tcpserver.csproj", "{9A2F13CD-73C7-4EA9-9166-E129FF967715}"
EndProject
Project("{FAE04EC0-301F-11D3-BF4B-00C04F79EFBC}") = "Tests", "Tests\Tests.csproj", "{38D3B26F-3571-4A10-91BE-75EBF305D83A}"
EndProject
Global
	GlobalSection(SolutionConfigurationPlatforms) = preSolution
		Ad-Hoc|iPhone = Ad-Hoc|iPhone
		Ad-Hoc|iPhoneSimulator = Ad-Hoc|iPhoneSimulator
		Ad-Hoc|x86 = Ad-Hoc|x86
		AppStore|iPhone = AppStore|iPhone
		AppStore|iPhoneSimulator = AppStore|iPhoneSimulator
		AppStore|x86 = AppStore|x86
		Debug|iPhone = Debug|iPhone
		Debug|iPhoneSimulator = Debug|iPhoneSimulator
		Debug|x86 = Debug|x86
		Release|iPhone = Release|iPhone
		Release|iPhoneSimulator = Release|iPhoneSimulator
		Release|x86 = Release|x86
	EndGlobalSection
	GlobalSection(ProjectConfigurationPlatforms) = postSolution
		{163A206B-36D1-46D5-AA19-B515F7350C6E}.Ad-Hoc|iPhone.ActiveCfg = Debug|Any CPU
		{163A206B-36D1-46D5-AA19-B515F7350C6E}.Ad-Hoc|iPhone.Build.0 = Debug|Any CPU
		{163A206B-36D1-46D5-AA19-B515F7350C6E}.Ad-Hoc|iPhoneSimulator.ActiveCfg = Release|Any CPU
		{163A206B-36D1-46D5-AA19-B515F7350C6E}.Ad-Hoc|x86.ActiveCfg = Release|Any CPU
		{163A206B-36D1-46D5-AA19-B515F7350C6E}.AppStore|iPhone.ActiveCfg = Debug|Any CPU
		{163A206B-36D1-46D5-AA19-B515F7350C6E}.AppStore|iPhone.Build.0 = Debug|Any CPU
		{163A206B-36D1-46D5-AA19-B515F7350C6E}.AppStore|iPhoneSimulator.ActiveCfg = Release|Any CPU
		{163A206B-36D1-46D5-AA19-B515F7350C6E}.AppStore|x86.ActiveCfg = Release|Any CPU
		{163A206B-36D1-46D5-AA19-B515F7350C6E}.Debug|iPhone.ActiveCfg = Debug|Any CPU
		{163A206B-36D1-46D5-AA19-B515F7350C6E}.Debug|iPhone.Build.0 = Debug|Any CPU
		{163A206B-36D1-46D5-AA19-B515F7350C6E}.Debug|iPhoneSimulator.ActiveCfg = Debug|Any CPU
		{163A206B-36D1-46D5-AA19-B515F7350C6E}.Debug|iPhoneSimulator.Build.0 = Debug|Any CPU
		{163A206B-36D1-46D5-AA19-B515F7350C6E}.Debug|x86.ActiveCfg = Debug|Any CPU
		{163A206B-36D1-46D5-AA19-B515F7350C6E}.Debug|x86.Build.0 = Debug|Any CPU
		{163A206B-36D1-46D5-AA19-B515F7350C6E}.Release|iPhone.ActiveCfg = Release|Any CPU
		{163A206B-36D1-46D5-AA19-B515F7350C6E}.Release|iPhone.Build.0 = Release|Any CPU
		{163A206B-36D1-46D5-AA19-B515F7350C6E}.Release|iPhoneSimulator.ActiveCfg = Release|Any CPU
		{163A206B-36D1-46D5-AA19-B515F7350C6E}.Release|iPhoneSimulator.Build.0 = Release|Any CPU
		{163A206B-36D1-46D5-AA19-B515F7350C6E}.Release|x86.ActiveCfg = Release|Any CPU
		{163A206B-36D1-46D5-AA19-B515F7350C6E}.Release|x86.Build.0 = Release|Any CPU
		{25870EA1-5A09-4AE6-A17A-7CBDF81B1F82}.Ad-Hoc|iPhone.ActiveCfg = Ad-Hoc|iPhone
		{25870EA1-5A09-4AE6-A17A-7CBDF81B1F82}.Ad-Hoc|iPhone.Build.0 = Ad-Hoc|iPhone
		{25870EA1-5A09-4AE6-A17A-7CBDF81B1F82}.Ad-Hoc|iPhoneSimulator.ActiveCfg = Ad-Hoc|iPhoneSimulator
		{25870EA1-5A09-4AE6-A17A-7CBDF81B1F82}.Ad-Hoc|iPhoneSimulator.Build.0 = Ad-Hoc|iPhoneSimulator
		{25870EA1-5A09-4AE6-A17A-7CBDF81B1F82}.Ad-Hoc|x86.ActiveCfg = Ad-Hoc|iPhoneSimulator
		{25870EA1-5A09-4AE6-A17A-7CBDF81B1F82}.AppStore|iPhone.ActiveCfg = AppStore|iPhone
		{25870EA1-5A09-4AE6-A17A-7CBDF81B1F82}.AppStore|iPhone.Build.0 = AppStore|iPhone
		{25870EA1-5A09-4AE6-A17A-7CBDF81B1F82}.AppStore|iPhoneSimulator.ActiveCfg = AppStore|iPhoneSimulator
		{25870EA1-5A09-4AE6-A17A-7CBDF81B1F82}.AppStore|iPhoneSimulator.Build.0 = AppStore|iPhoneSimulator
		{25870EA1-5A09-4AE6-A17A-7CBDF81B1F82}.AppStore|x86.ActiveCfg = AppStore|iPhoneSimulator
		{25870EA1-5A09-4AE6-A17A-7CBDF81B1F82}.Debug|iPhone.ActiveCfg = Debug|iPhone
		{25870EA1-5A09-4AE6-A17A-7CBDF81B1F82}.Debug|iPhone.Build.0 = Debug|iPhone
		{25870EA1-5A09-4AE6-A17A-7CBDF81B1F82}.Debug|iPhoneSimulator.ActiveCfg = Debug|iPhoneSimulator
		{25870EA1-5A09-4AE6-A17A-7CBDF81B1F82}.Debug|iPhoneSimulator.Build.0 = Debug|iPhoneSimulator
		{25870EA1-5A09-4AE6-A17A-7CBDF81B1F82}.Debug|x86.ActiveCfg = Debug|iPhoneSimulator
		{25870EA1-5A09-4AE6-A17A-7CBDF81B1F82}.Debug|x86.Build.0 = Debug|iPhoneSimulator
		{25870EA1-5A09-4AE6-A17A-7CBDF81B1F82}.Release|iPhone.ActiveCfg = Release|iPhone
		{25870EA1-5A09-4AE6-A17A-7CBDF81B1F82}.Release|iPhone.Build.0 = Release|iPhone
		{25870EA1-5A09-4AE6-A17A-7CBDF81B1F82}.Release|iPhoneSimulator.ActiveCfg = Release|iPhoneSimulator
		{25870EA1-5A09-4AE6-A17A-7CBDF81B1F82}.Release|iPhoneSimulator.Build.0 = Release|iPhoneSimulator
		{25870EA1-5A09-4AE6-A17A-7CBDF81B1F82}.Release|x86.ActiveCfg = Release|iPhoneSimulator
		{25870EA1-5A09-4AE6-A17A-7CBDF81B1F82}.Release|x86.Build.0 = Release|iPhoneSimulator
		{38D3B26F-3571-4A10-91BE-75EBF305D83A}.Ad-Hoc|iPhone.ActiveCfg = Debug|Any CPU
		{38D3B26F-3571-4A10-91BE-75EBF305D83A}.Ad-Hoc|iPhone.Build.0 = Debug|Any CPU
		{38D3B26F-3571-4A10-91BE-75EBF305D83A}.Ad-Hoc|iPhoneSimulator.ActiveCfg = Release|Any CPU
		{38D3B26F-3571-4A10-91BE-75EBF305D83A}.Ad-Hoc|iPhoneSimulator.Build.0 = Release|Any CPU
		{38D3B26F-3571-4A10-91BE-75EBF305D83A}.Ad-Hoc|x86.ActiveCfg = Release|Any CPU
		{38D3B26F-3571-4A10-91BE-75EBF305D83A}.Ad-Hoc|x86.Build.0 = Release|Any CPU
		{38D3B26F-3571-4A10-91BE-75EBF305D83A}.AppStore|iPhone.ActiveCfg = Debug|Any CPU
		{38D3B26F-3571-4A10-91BE-75EBF305D83A}.AppStore|iPhone.Build.0 = Debug|Any CPU
		{38D3B26F-3571-4A10-91BE-75EBF305D83A}.AppStore|iPhoneSimulator.ActiveCfg = Release|Any CPU
		{38D3B26F-3571-4A10-91BE-75EBF305D83A}.AppStore|iPhoneSimulator.Build.0 = Release|Any CPU
		{38D3B26F-3571-4A10-91BE-75EBF305D83A}.AppStore|x86.ActiveCfg = Release|Any CPU
		{38D3B26F-3571-4A10-91BE-75EBF305D83A}.AppStore|x86.Build.0 = Release|Any CPU
		{38D3B26F-3571-4A10-91BE-75EBF305D83A}.Debug|iPhone.ActiveCfg = Debug|Any CPU
		{38D3B26F-3571-4A10-91BE-75EBF305D83A}.Debug|iPhone.Build.0 = Debug|Any CPU
		{38D3B26F-3571-4A10-91BE-75EBF305D83A}.Debug|iPhoneSimulator.ActiveCfg = Debug|Any CPU
		{38D3B26F-3571-4A10-91BE-75EBF305D83A}.Debug|iPhoneSimulator.Build.0 = Debug|Any CPU
		{38D3B26F-3571-4A10-91BE-75EBF305D83A}.Debug|x86.ActiveCfg = Debug|Any CPU
		{38D3B26F-3571-4A10-91BE-75EBF305D83A}.Debug|x86.Build.0 = Debug|Any CPU
		{38D3B26F-3571-4A10-91BE-75EBF305D83A}.Release|iPhone.ActiveCfg = Release|Any CPU
		{38D3B26F-3571-4A10-91BE-75EBF305D83A}.Release|iPhone.Build.0 = Release|Any CPU
		{38D3B26F-3571-4A10-91BE-75EBF305D83A}.Release|iPhoneSimulator.ActiveCfg = Release|Any CPU
		{38D3B26F-3571-4A10-91BE-75EBF305D83A}.Release|iPhoneSimulator.Build.0 = Release|Any CPU
		{38D3B26F-3571-4A10-91BE-75EBF305D83A}.Release|x86.ActiveCfg = Release|Any CPU
		{38D3B26F-3571-4A10-91BE-75EBF305D83A}.Release|x86.Build.0 = Release|Any CPU
		{8E2EAACD-7971-4F63-8254-01DF89447F99}.Ad-Hoc|iPhone.ActiveCfg = Debug|Any CPU
		{8E2EAACD-7971-4F63-8254-01DF89447F99}.Ad-Hoc|iPhone.Build.0 = Debug|Any CPU
		{8E2EAACD-7971-4F63-8254-01DF89447F99}.Ad-Hoc|iPhoneSimulator.ActiveCfg = Release|Any CPU
		{8E2EAACD-7971-4F63-8254-01DF89447F99}.Ad-Hoc|x86.ActiveCfg = Release|Any CPU
		{8E2EAACD-7971-4F63-8254-01DF89447F99}.AppStore|iPhone.ActiveCfg = Debug|Any CPU
		{8E2EAACD-7971-4F63-8254-01DF89447F99}.AppStore|iPhone.Build.0 = Debug|Any CPU
		{8E2EAACD-7971-4F63-8254-01DF89447F99}.AppStore|iPhoneSimulator.ActiveCfg = Release|Any CPU
		{8E2EAACD-7971-4F63-8254-01DF89447F99}.AppStore|x86.ActiveCfg = Release|Any CPU
		{8E2EAACD-7971-4F63-8254-01DF89447F99}.Debug|iPhone.ActiveCfg = Debug|Any CPU
		{8E2EAACD-7971-4F63-8254-01DF89447F99}.Debug|iPhone.Build.0 = Debug|Any CPU
		{8E2EAACD-7971-4F63-8254-01DF89447F99}.Debug|iPhoneSimulator.ActiveCfg = Debug|Any CPU
		{8E2EAACD-7971-4F63-8254-01DF89447F99}.Debug|iPhoneSimulator.Build.0 = Debug|Any CPU
		{8E2EAACD-7971-4F63-8254-01DF89447F99}.Debug|x86.ActiveCfg = Debug|Any CPU
		{8E2EAACD-7971-4F63-8254-01DF89447F99}.Debug|x86.Build.0 = Debug|Any CPU
		{8E2EAACD-7971-4F63-8254-01DF89447F99}.Release|iPhone.ActiveCfg = Release|Any CPU
		{8E2EAACD-7971-4F63-8254-01DF89447F99}.Release|iPhone.Build.0 = Release|Any CPU
		{8E2EAACD-7971-4F63-8254-01DF89447F99}.Release|iPhoneSimulator.ActiveCfg = Release|Any CPU
		{8E2EAACD-7971-4F63-8254-01DF89447F99}.Release|iPhoneSimulator.Build.0 = Release|Any CPU
		{8E2EAACD-7971-4F63-8254-01DF89447F99}.Release|x86.ActiveCfg = Release|Any CPU
		{8E2EAACD-7971-4F63-8254-01DF89447F99}.Release|x86.Build.0 = Release|Any CPU
		{92AF0C3C-1F4F-4070-B925-F587F0C8063F}.Ad-Hoc|iPhone.ActiveCfg = Debug|Any CPU
		{92AF0C3C-1F4F-4070-B925-F587F0C8063F}.Ad-Hoc|iPhone.Build.0 = Debug|Any CPU
		{92AF0C3C-1F4F-4070-B925-F587F0C8063F}.Ad-Hoc|iPhoneSimulator.ActiveCfg = Release|Any CPU
		{92AF0C3C-1F4F-4070-B925-F587F0C8063F}.Ad-Hoc|x86.ActiveCfg = Release|Any CPU
		{92AF0C3C-1F4F-4070-B925-F587F0C8063F}.AppStore|iPhone.ActiveCfg = Debug|Any CPU
		{92AF0C3C-1F4F-4070-B925-F587F0C8063F}.AppStore|iPhone.Build.0 = Debug|Any CPU
		{92AF0C3C-1F4F-4070-B925-F587F0C8063F}.AppStore|iPhoneSimulator.ActiveCfg = Release|Any CPU
		{92AF0C3C-1F4F-4070-B925-F587F0C8063F}.AppStore|x86.ActiveCfg = Release|Any CPU
		{92AF0C3C-1F4F-4070-B925-F587F0C8063F}.Debug|iPhone.ActiveCfg = Debug|Any CPU
		{92AF0C3C-1F4F-4070-B925-F587F0C8063F}.Debug|iPhone.Build.0 = Debug|Any CPU
		{92AF0C3C-1F4F-4070-B925-F587F0C8063F}.Debug|iPhoneSimulator.ActiveCfg = Debug|Any CPU
		{92AF0C3C-1F4F-4070-B925-F587F0C8063F}.Debug|iPhoneSimulator.Build.0 = Debug|Any CPU
		{92AF0C3C-1F4F-4070-B925-F587F0C8063F}.Debug|x86.ActiveCfg = Debug|Any CPU
		{92AF0C3C-1F4F-4070-B925-F587F0C8063F}.Debug|x86.Build.0 = Debug|Any CPU
		{92AF0C3C-1F4F-4070-B925-F587F0C8063F}.Release|iPhone.ActiveCfg = Release|Any CPU
		{92AF0C3C-1F4F-4070-B925-F587F0C8063F}.Release|iPhone.Build.0 = Release|Any CPU
		{92AF0C3C-1F4F-4070-B925-F587F0C8063F}.Release|iPhoneSimulator.ActiveCfg = Release|Any CPU
		{92AF0C3C-1F4F-4070-B925-F587F0C8063F}.Release|iPhoneSimulator.Build.0 = Release|Any CPU
		{92AF0C3C-1F4F-4070-B925-F587F0C8063F}.Release|x86.ActiveCfg = Release|Any CPU
		{92AF0C3C-1F4F-4070-B925-F587F0C8063F}.Release|x86.Build.0 = Release|Any CPU
		{9A2F13CD-73C7-4EA9-9166-E129FF967715}.Ad-Hoc|iPhone.ActiveCfg = Debug|iPhone
		{9A2F13CD-73C7-4EA9-9166-E129FF967715}.Ad-Hoc|iPhone.Build.0 = Debug|iPhone
		{9A2F13CD-73C7-4EA9-9166-E129FF967715}.Ad-Hoc|iPhoneSimulator.ActiveCfg = Debug|iPhone
		{9A2F13CD-73C7-4EA9-9166-E129FF967715}.Ad-Hoc|iPhoneSimulator.Build.0 = Debug|iPhone
		{9A2F13CD-73C7-4EA9-9166-E129FF967715}.Ad-Hoc|x86.ActiveCfg = Debug|iPhone
		{9A2F13CD-73C7-4EA9-9166-E129FF967715}.Ad-Hoc|x86.Build.0 = Debug|iPhone
		{9A2F13CD-73C7-4EA9-9166-E129FF967715}.AppStore|iPhone.ActiveCfg = Debug|iPhone
		{9A2F13CD-73C7-4EA9-9166-E129FF967715}.AppStore|iPhone.Build.0 = Debug|iPhone
		{9A2F13CD-73C7-4EA9-9166-E129FF967715}.AppStore|iPhoneSimulator.ActiveCfg = Debug|iPhone
		{9A2F13CD-73C7-4EA9-9166-E129FF967715}.AppStore|iPhoneSimulator.Build.0 = Debug|iPhone
		{9A2F13CD-73C7-4EA9-9166-E129FF967715}.AppStore|x86.ActiveCfg = Debug|iPhone
		{9A2F13CD-73C7-4EA9-9166-E129FF967715}.AppStore|x86.Build.0 = Debug|iPhone
		{9A2F13CD-73C7-4EA9-9166-E129FF967715}.Debug|iPhone.ActiveCfg = Debug|iPhone
		{9A2F13CD-73C7-4EA9-9166-E129FF967715}.Debug|iPhone.Build.0 = Debug|iPhone
		{9A2F13CD-73C7-4EA9-9166-E129FF967715}.Debug|iPhoneSimulator.ActiveCfg = Debug|iPhone
		{9A2F13CD-73C7-4EA9-9166-E129FF967715}.Debug|iPhoneSimulator.Build.0 = Debug|iPhone
		{9A2F13CD-73C7-4EA9-9166-E129FF967715}.Debug|x86.ActiveCfg = Debug|iPhone
		{9A2F13CD-73C7-4EA9-9166-E129FF967715}.Debug|x86.Build.0 = Debug|iPhone
		{9A2F13CD-73C7-4EA9-9166-E129FF967715}.Release|iPhone.ActiveCfg = Release|iPhone
		{9A2F13CD-73C7-4EA9-9166-E129FF967715}.Release|iPhone.Build.0 = Release|iPhone
		{9A2F13CD-73C7-4EA9-9166-E129FF967715}.Release|iPhoneSimulator.ActiveCfg = Release|iPhone
		{9A2F13CD-73C7-4EA9-9166-E129FF967715}.Release|iPhoneSimulator.Build.0 = Release|iPhone
		{9A2F13CD-73C7-4EA9-9166-E129FF967715}.Release|x86.ActiveCfg = Release|iPhone
		{9A2F13CD-73C7-4EA9-9166-E129FF967715}.Release|x86.Build.0 = Release|iPhone
		{BF15860D-E0A3-46E0-835E-1C7463E2483B}.Ad-Hoc|iPhone.ActiveCfg = Debug|x86
		{BF15860D-E0A3-46E0-835E-1C7463E2483B}.Ad-Hoc|iPhone.Build.0 = Debug|x86
		{BF15860D-E0A3-46E0-835E-1C7463E2483B}.Ad-Hoc|iPhoneSimulator.ActiveCfg = Release|x86
		{BF15860D-E0A3-46E0-835E-1C7463E2483B}.Ad-Hoc|x86.ActiveCfg = Release|x86
		{BF15860D-E0A3-46E0-835E-1C7463E2483B}.AppStore|iPhone.ActiveCfg = Debug|x86
		{BF15860D-E0A3-46E0-835E-1C7463E2483B}.AppStore|iPhone.Build.0 = Debug|x86
		{BF15860D-E0A3-46E0-835E-1C7463E2483B}.AppStore|iPhoneSimulator.ActiveCfg = Release|x86
		{BF15860D-E0A3-46E0-835E-1C7463E2483B}.AppStore|x86.ActiveCfg = Release|x86
		{BF15860D-E0A3-46E0-835E-1C7463E2483B}.Debug|iPhone.ActiveCfg = Debug|x86
		{BF15860D-E0A3-46E0-835E-1C7463E2483B}.Debug|iPhone.Build.0 = Debug|x86
		{BF15860D-E0A3-46E0-835E-1C7463E2483B}.Debug|iPhoneSimulator.ActiveCfg = Debug|x86
		{BF15860D-E0A3-46E0-835E-1C7463E2483B}.Debug|iPhoneSimulator.Build.0 = Debug|x86
		{BF15860D-E0A3-46E0-835E-1C7463E2483B}.Debug|x86.ActiveCfg = Debug|x86
		{BF15860D-E0A3-46E0-835E-1C7463E2483B}.Debug|x86.Build.0 = Debug|x86
		{BF15860D-E0A3-46E0-835E-1C7463E2483B}.Release|iPhone.ActiveCfg = Release|x86
		{BF15860D-E0A3-46E0-835E-1C7463E2483B}.Release|iPhone.Build.0 = Release|x86
		{BF15860D-E0A3-46E0-835E-1C7463E2483B}.Release|iPhoneSimulator.ActiveCfg = Release|x86
		{BF15860D-E0A3-46E0-835E-1C7463E2483B}.Release|iPhoneSimulator.Build.0 = Release|x86
		{BF15860D-E0A3-46E0-835E-1C7463E2483B}.Release|x86.ActiveCfg = Release|x86
		{BF15860D-E0A3-46E0-835E-1C7463E2483B}.Release|x86.Build.0 = Release|x86
	EndGlobalSection
	GlobalSection(MonoDevelopProperties) = preSolution
		Policies = $0
		$0.DotNetNamingPolicy = $1
		$1.DirectoryNamespaceAssociation = PrefixedHierarchical
		$1.ResourceNamePolicy = FileFormatDefault
		$0.TextStylePolicy = $2
		$2.FileWidth = 120
		$2.TabsToSpaces = False
		$2.inheritsSet = VisualStudio
		$2.inheritsScope = text/plain
		$0.NameConventionPolicy = $3
		$3.Rules = $4
		$4.NamingRule = $5
		$5.Name = Namespaces
		$5.AffectedEntity = Namespace
		$5.VisibilityMask = VisibilityMask
		$5.NamingStyle = PascalCase
		$5.IncludeInstanceMembers = True
		$5.IncludeStaticEntities = True
		$4.NamingRule = $6
		$6.Name = Types
		$6.AffectedEntity = Class, Struct, Enum, Delegate
		$6.VisibilityMask = VisibilityMask
		$6.NamingStyle = PascalCase
		$6.IncludeInstanceMembers = True
		$6.IncludeStaticEntities = True
		$4.NamingRule = $7
		$7.Name = Interfaces
		$7.RequiredPrefixes = $8
		$8.String = I
		$7.AffectedEntity = Interface
		$7.VisibilityMask = VisibilityMask
		$7.NamingStyle = PascalCase
		$7.IncludeInstanceMembers = True
		$7.IncludeStaticEntities = True
		$4.NamingRule = $9
		$9.Name = Attributes
		$9.RequiredSuffixes = $10
		$10.String = Attribute
		$9.AffectedEntity = CustomAttributes
		$9.VisibilityMask = VisibilityMask
		$9.NamingStyle = PascalCase
		$9.IncludeInstanceMembers = True
		$9.IncludeStaticEntities = True
		$4.NamingRule = $11
		$11.Name = Event Arguments
		$11.RequiredSuffixes = $12
		$12.String = EventArgs
		$11.AffectedEntity = CustomEventArgs
		$11.VisibilityMask = VisibilityMask
		$11.NamingStyle = PascalCase
		$11.IncludeInstanceMembers = True
		$11.IncludeStaticEntities = True
		$4.NamingRule = $13
		$13.Name = Exceptions
		$13.RequiredSuffixes = $14
		$14.String = Exception
		$13.AffectedEntity = CustomExceptions
		$13.VisibilityMask = VisibilityMask
		$13.NamingStyle = PascalCase
		$13.IncludeInstanceMembers = True
		$13.IncludeStaticEntities = True
		$4.NamingRule = $15
		$15.Name = Methods
		$15.AffectedEntity = Methods
		$15.VisibilityMask = VisibilityMask
		$15.NamingStyle = PascalCase
		$15.IncludeInstanceMembers = True
		$15.IncludeStaticEntities = True
		$4.NamingRule = $16
		$16.Name = Static Readonly Fields
		$16.AffectedEntity = ReadonlyField
		$16.VisibilityMask = Internal, Protected, Public
		$16.NamingStyle = PascalCase
		$16.IncludeInstanceMembers = False
		$16.IncludeStaticEntities = True
		$4.NamingRule = $17
		$17.Name = Fields (Non Private)
		$17.AffectedEntity = Field
		$17.VisibilityMask = Internal, Protected, Public
		$17.NamingStyle = PascalCase
		$17.IncludeInstanceMembers = True
		$17.IncludeStaticEntities = True
		$4.NamingRule = $18
		$18.Name = ReadOnly Fields (Non Private)
		$18.AffectedEntity = ReadonlyField
		$18.VisibilityMask = Internal, Protected, Public
		$18.NamingStyle = PascalCase
		$18.IncludeInstanceMembers = True
		$18.IncludeStaticEntities = False
		$4.NamingRule = $19
		$19.Name = Fields (Private)
		$19.RequiredPrefixes = $20
		$20.String = m_
		$19.AffectedEntity = Field, ReadonlyField
		$19.VisibilityMask = Private
		$19.NamingStyle = CamelCase
		$19.IncludeInstanceMembers = True
		$19.IncludeStaticEntities = False
		$4.NamingRule = $21
		$21.Name = Static Fields (Private)
		$21.AffectedEntity = Field
		$21.VisibilityMask = Private
		$21.NamingStyle = CamelCase
		$21.IncludeInstanceMembers = False
		$21.IncludeStaticEntities = True
		$4.NamingRule = $22
		$22.Name = ReadOnly Fields (Private)
		$22.RequiredPrefixes = $23
		$23.String = m_
		$22.AffectedEntity = ReadonlyField
		$22.VisibilityMask = Private
		$22.NamingStyle = CamelCase
		$22.IncludeInstanceMembers = True
		$22.IncludeStaticEntities = False
		$4.NamingRule = $24
		$24.Name = Constant Fields
		$24.AffectedEntity = ConstantField
		$24.VisibilityMask = VisibilityMask
		$24.NamingStyle = PascalCase
		$24.IncludeInstanceMembers = True
		$24.IncludeStaticEntities = True
		$4.NamingRule = $25
		$25.Name = Properties
		$25.AffectedEntity = Property
		$25.VisibilityMask = VisibilityMask
		$25.NamingStyle = PascalCase
		$25.IncludeInstanceMembers = True
		$25.IncludeStaticEntities = True
		$4.NamingRule = $26
		$26.Name = Events
		$26.AffectedEntity = Event
		$26.VisibilityMask = VisibilityMask
		$26.NamingStyle = PascalCase
		$26.IncludeInstanceMembers = True
		$26.IncludeStaticEntities = True
		$4.NamingRule = $27
		$27.Name = Enum Members
		$27.AffectedEntity = EnumMember
		$27.VisibilityMask = VisibilityMask
		$27.NamingStyle = PascalCase
		$27.IncludeInstanceMembers = True
		$27.IncludeStaticEntities = True
		$4.NamingRule = $28
		$28.Name = Parameters
		$28.AffectedEntity = Parameter
		$28.VisibilityMask = VisibilityMask
		$28.NamingStyle = CamelCase
		$28.IncludeInstanceMembers = True
		$28.IncludeStaticEntities = True
		$4.NamingRule = $29
		$29.Name = Type Parameters
		$29.RequiredPrefixes = $30
		$30.String = T
		$29.AffectedEntity = TypeParameter
		$29.VisibilityMask = VisibilityMask
		$29.NamingStyle = PascalCase
		$29.IncludeInstanceMembers = True
		$29.IncludeStaticEntities = True
		$0.TextStylePolicy = $31
		$31.inheritsSet = null
		$31.scope = text/x-csharp
		$0.CSharpFormattingPolicy = $32
		$32.IndentSwitchBody = True
		$32.IndentBlocksInsideExpressions = True
		$32.SimplePropertyFormatting = ForceNewLine
		$32.AutoPropertyFormatting = ForceNewLine
		$32.AnonymousMethodBraceStyle = NextLine
		$32.PropertyBraceStyle = NextLine
		$32.PropertyGetBraceStyle = NextLine
		$32.PropertySetBraceStyle = NextLine
		$32.SimpleGetBlockFormatting = ForceNewLine
		$32.SimpleSetBlockFormatting = ForceNewLine
		$32.EventBraceStyle = NextLine
		$32.EventAddBraceStyle = NextLine
		$32.EventRemoveBraceStyle = NextLine
		$32.AllowEventAddBlockInline = False
		$32.AllowEventRemoveBlockInline = False
		$32.StatementBraceStyle = NextLine
		$32.ElseNewLinePlacement = NewLine
		$32.CatchNewLinePlacement = NewLine
		$32.FinallyNewLinePlacement = NewLine
		$32.ArrayInitializerWrapping = DoNotChange
		$32.ArrayInitializerBraceStyle = NextLine
		$32.BeforeMethodDeclarationParentheses = False
		$32.BeforeMethodCallParentheses = False
		$32.BeforeConstructorDeclarationParentheses = False
		$32.NewLineBeforeConstructorInitializerColon = NewLine
		$32.NewLineAfterConstructorInitializerColon = SameLine
		$32.BeforeDelegateDeclarationParentheses = False
		$32.NewParentheses = False
		$32.SpacesBeforeBrackets = False
		$32.inheritsSet = Mono
		$32.inheritsScope = text/x-csharp
		$32.scope = text/x-csharp
		$0.TextStylePolicy = $33
		$33.inheritsSet = VisualStudio
		$33.inheritsScope = text/plain
		$33.scope = text/plain
		$0.TextStylePolicy = $34
		$34.inheritsSet = null
		$34.scope = application/x-asax
		$0.StandardHeader = $35
		$35.Text = 
		$35.IncludeInNewFiles = True
		$0.XmlFormattingPolicy = $36
		$36.inheritsSet = Mono
		$36.inheritsScope = application/xml
		$36.scope = application/xml
		$0.TextStylePolicy = $37
		$37.inheritsSet = null
		$37.scope = application/config+xml
		$0.XmlFormattingPolicy = $38
		$38.inheritsSet = null
		$38.scope = application/config+xml
		$0.TextStylePolicy = $39
		$39.inheritsSet = null
		$39.scope = application/xml
		$0.TextStylePolicy = $40
		$40.inheritsSet = null
		$40.scope = application/x-aspx
		$0.VersionControlPolicy = $41
		$41.inheritsSet = Mono
	EndGlobalSection
	GlobalSection(SolutionProperties) = preSolution
		HideSolutionNode = FALSE
	EndGlobalSection
EndGlobal
